
Microsoft Visual Studio Solution File, Format Version 12.00
# Visual Studio Version 17
VisualStudioVersion = 17.6.33712.159
MinimumVisualStudioVersion = 10.0.40219.1
Project("{2150E333-8FDC-42A3-9474-1A3956D46DE8}") = "Services", "Services", "{8C1674C9-E8C3-433D-B0B1-244556DF1341}"
EndProject
Project("{2150E333-8FDC-42A3-9474-1A3956D46DE8}") = "Tests", "Tests", "{F1862ED9-092F-49B8-B740-BDFCDF9683CD}"
EndProject
Project("{2150E333-8FDC-42A3-9474-1A3956D46DE8}") = "Libraries", "Libraries", "{D682EBAB-EA1F-4B22-9ED6-DEFCE74261FE}"
EndProject
Project("{9A19103F-16F7-4668-BE54-9A1E7A4F7556}") = "Dashboard", "Services\Dashboard\Dashboard.csproj", "{A6AC32AD-E11A-49EE-9819-D9055568C23D}"
EndProject
Project("{E53339B2-1760-4266-BCC7-CA923CBCF16C}") = "docker-compose", "docker-compose.dcproj", "{6B37EC52-4AB2-4B20-BEEC-C0776B2CF7F6}"
EndProject
Project("{FAE04EC0-301F-11D3-BF4B-00C04F79EFBC}") = "DatabaseService", "Services\Database\DatabaseService\DatabaseService.csproj", "{B54C71C7-EF00-474D-8F78-31ADB6179AA5}"
EndProject
Project("{FAE04EC0-301F-11D3-BF4B-00C04F79EFBC}") = "GrpcHelper", "Libraries\GrpcHelper\GrpcHelper.csproj", "{94DF2AB9-9BB0-41F1-A722-6A1B929E3D48}"
EndProject
Project("{2150E333-8FDC-42A3-9474-1A3956D46DE8}") = "Auth", "Auth", "{CA53F785-FF23-4306-8821-25376DB233BB}"
EndProject
Project("{FAE04EC0-301F-11D3-BF4B-00C04F79EFBC}") = "AuthService", "Services\Auth\AuthService\AuthService.csproj", "{C6B54A14-5F2C-44E5-8A44-649E8DCC7E15}"
EndProject
Project("{FAE04EC0-301F-11D3-BF4B-00C04F79EFBC}") = "LogsHelper", "Libraries\LogsHelper\LogsHelper.csproj", "{A0750936-1D46-476D-8C5E-650DDC5874F1}"
EndProject
Project("{2150E333-8FDC-42A3-9474-1A3956D46DE8}") = "Database", "Database", "{DDDECDF0-0581-4C5F-B39E-91865B608C94}"
EndProject
Project("{FAE04EC0-301F-11D3-BF4B-00C04F79EFBC}") = "ConfigHelper", "Libraries\ConfigHelper\ConfigHelper.csproj", "{8F24B822-9833-4EAD-9737-D60770F8660D}"
EndProject
Project("{FAE04EC0-301F-11D3-BF4B-00C04F79EFBC}") = "Models", "Libraries\Models\Models.csproj", "{0B2318F3-71EE-4F62-806A-693E4B3FD00E}"
EndProject
Project("{FAE04EC0-301F-11D3-BF4B-00C04F79EFBC}") = "AuthServiceTests", "AuthServiceTests\AuthServiceTests.csproj", "{7E84D0D1-EF40-4A87-A863-14B961B9DECF}"
EndProject
Global
	GlobalSection(SolutionConfigurationPlatforms) = preSolution
		Debug|Any CPU = Debug|Any CPU
		Release|Any CPU = Release|Any CPU
	EndGlobalSection
	GlobalSection(ProjectConfigurationPlatforms) = postSolution
		{A6AC32AD-E11A-49EE-9819-D9055568C23D}.Debug|Any CPU.ActiveCfg = Debug|Any CPU
		{A6AC32AD-E11A-49EE-9819-D9055568C23D}.Debug|Any CPU.Build.0 = Debug|Any CPU
		{A6AC32AD-E11A-49EE-9819-D9055568C23D}.Release|Any CPU.ActiveCfg = Release|Any CPU
		{A6AC32AD-E11A-49EE-9819-D9055568C23D}.Release|Any CPU.Build.0 = Release|Any CPU
		{6B37EC52-4AB2-4B20-BEEC-C0776B2CF7F6}.Debug|Any CPU.ActiveCfg = Debug|Any CPU
		{6B37EC52-4AB2-4B20-BEEC-C0776B2CF7F6}.Debug|Any CPU.Build.0 = Debug|Any CPU
		{6B37EC52-4AB2-4B20-BEEC-C0776B2CF7F6}.Release|Any CPU.ActiveCfg = Release|Any CPU
		{6B37EC52-4AB2-4B20-BEEC-C0776B2CF7F6}.Release|Any CPU.Build.0 = Release|Any CPU
		{B54C71C7-EF00-474D-8F78-31ADB6179AA5}.Debug|Any CPU.ActiveCfg = Debug|Any CPU
		{B54C71C7-EF00-474D-8F78-31ADB6179AA5}.Debug|Any CPU.Build.0 = Debug|Any CPU
		{B54C71C7-EF00-474D-8F78-31ADB6179AA5}.Release|Any CPU.ActiveCfg = Release|Any CPU
		{B54C71C7-EF00-474D-8F78-31ADB6179AA5}.Release|Any CPU.Build.0 = Release|Any CPU
		{94DF2AB9-9BB0-41F1-A722-6A1B929E3D48}.Debug|Any CPU.ActiveCfg = Debug|Any CPU
		{94DF2AB9-9BB0-41F1-A722-6A1B929E3D48}.Debug|Any CPU.Build.0 = Debug|Any CPU
		{94DF2AB9-9BB0-41F1-A722-6A1B929E3D48}.Release|Any CPU.ActiveCfg = Release|Any CPU
		{94DF2AB9-9BB0-41F1-A722-6A1B929E3D48}.Release|Any CPU.Build.0 = Release|Any CPU
		{C6B54A14-5F2C-44E5-8A44-649E8DCC7E15}.Debug|Any CPU.ActiveCfg = Debug|Any CPU
		{C6B54A14-5F2C-44E5-8A44-649E8DCC7E15}.Debug|Any CPU.Build.0 = Debug|Any CPU
		{C6B54A14-5F2C-44E5-8A44-649E8DCC7E15}.Release|Any CPU.ActiveCfg = Release|Any CPU
		{C6B54A14-5F2C-44E5-8A44-649E8DCC7E15}.Release|Any CPU.Build.0 = Release|Any CPU
		{A0750936-1D46-476D-8C5E-650DDC5874F1}.Debug|Any CPU.ActiveCfg = Debug|Any CPU
		{A0750936-1D46-476D-8C5E-650DDC5874F1}.Debug|Any CPU.Build.0 = Debug|Any CPU
		{A0750936-1D46-476D-8C5E-650DDC5874F1}.Release|Any CPU.ActiveCfg = Release|Any CPU
		{A0750936-1D46-476D-8C5E-650DDC5874F1}.Release|Any CPU.Build.0 = Release|Any CPU
		{8F24B822-9833-4EAD-9737-D60770F8660D}.Debug|Any CPU.ActiveCfg = Debug|Any CPU
		{8F24B822-9833-4EAD-9737-D60770F8660D}.Debug|Any CPU.Build.0 = Debug|Any CPU
		{8F24B822-9833-4EAD-9737-D60770F8660D}.Release|Any CPU.ActiveCfg = Release|Any CPU
		{8F24B822-9833-4EAD-9737-D60770F8660D}.Release|Any CPU.Build.0 = Release|Any CPU
		{0B2318F3-71EE-4F62-806A-693E4B3FD00E}.Debug|Any CPU.ActiveCfg = Debug|Any CPU
		{0B2318F3-71EE-4F62-806A-693E4B3FD00E}.Debug|Any CPU.Build.0 = Debug|Any CPU
		{0B2318F3-71EE-4F62-806A-693E4B3FD00E}.Release|Any CPU.ActiveCfg = Release|Any CPU
		{0B2318F3-71EE-4F62-806A-693E4B3FD00E}.Release|Any CPU.Build.0 = Release|Any CPU
		{7E84D0D1-EF40-4A87-A863-14B961B9DECF}.Debug|Any CPU.ActiveCfg = Debug|Any CPU
		{7E84D0D1-EF40-4A87-A863-14B961B9DECF}.Debug|Any CPU.Build.0 = Debug|Any CPU
		{7E84D0D1-EF40-4A87-A863-14B961B9DECF}.Release|Any CPU.ActiveCfg = Release|Any CPU
		{7E84D0D1-EF40-4A87-A863-14B961B9DECF}.Release|Any CPU.Build.0 = Release|Any CPU
	EndGlobalSection
	GlobalSection(SolutionProperties) = preSolution
		HideSolutionNode = FALSE
	EndGlobalSection
	GlobalSection(NestedProjects) = preSolution
		{A6AC32AD-E11A-49EE-9819-D9055568C23D} = {8C1674C9-E8C3-433D-B0B1-244556DF1341}
		{94DF2AB9-9BB0-41F1-A722-6A1B929E3D48} = {D682EBAB-EA1F-4B22-9ED6-DEFCE74261FE}
		{CA53F785-FF23-4306-8821-25376DB233BB} = {8C1674C9-E8C3-433D-B0B1-244556DF1341}
		{C6B54A14-5F2C-44E5-8A44-649E8DCC7E15} = {CA53F785-FF23-4306-8821-25376DB233BB}
		{A0750936-1D46-476D-8C5E-650DDC5874F1} = {D682EBAB-EA1F-4B22-9ED6-DEFCE74261FE}
		{DDDECDF0-0581-4C5F-B39E-91865B608C94} = {8C1674C9-E8C3-433D-B0B1-244556DF1341}
		{B54C71C7-EF00-474D-8F78-31ADB6179AA5} = {DDDECDF0-0581-4C5F-B39E-91865B608C94}
		{8F24B822-9833-4EAD-9737-D60770F8660D} = {D682EBAB-EA1F-4B22-9ED6-DEFCE74261FE}
		{0B2318F3-71EE-4F62-806A-693E4B3FD00E} = {D682EBAB-EA1F-4B22-9ED6-DEFCE74261FE}
		{7E84D0D1-EF40-4A87-A863-14B961B9DECF} = {F1862ED9-092F-49B8-B740-BDFCDF9683CD}
	EndGlobalSection
EndGlobal
